
Microsoft Visual Studio Solution File, Format Version 12.00
# Visual Studio Version 17
VisualStudioVersion = 17.4.33213.308
MinimumVisualStudioVersion = 10.0.40219.1
Project("{FAE04EC0-301F-11D3-BF4B-00C04F79EFBC}") = "eTickets", "eTickets\eTickets.csproj", "{7CE6BDA2-C95B-42F2-8E61-F8E96F231273}"
EndProject
Global
	GlobalSection(SolutionConfigurationPlatforms) = preSolution
		Debug|Any CPU = Debug|Any CPU
		Release|Any CPU = Release|Any CPU
	EndGlobalSection
	GlobalSection(ProjectConfigurationPlatforms) = postSolution
		{7CE6BDA2-C95B-42F2-8E61-F8E96F231273}.Debug|Any CPU.ActiveCfg = Debug|Any CPU
		{7CE6BDA2-C95B-42F2-8E61-F8E96F231273}.Debug|Any CPU.Build.0 = Debug|Any CPU
		{7CE6BDA2-C95B-42F2-8E61-F8E96F231273}.Release|Any CPU.ActiveCfg = Release|Any CPU
		{7CE6BDA2-C95B-42F2-8E61-F8E96F231273}.Release|Any CPU.Build.0 = Release|Any CPU
	EndGlobalSection
	GlobalSection(SolutionProperties) = preSolution
		HideSolutionNode = FALSE
	EndGlobalSection
	GlobalSection(ExtensibilityGlobals) = postSolution
		SolutionGuid = {08AA1B9B-4F4D-4F06-853B-0FD56683D779}
	EndGlobalSection
EndGlobal
